// !$*UTF8*$!
{
	archiveVersion = 1;
	classes = {
	};
	objectVersion = 50;
	objects = {

/* Begin PBXBuildFile section */
		F566B963DA8375065C6B9D03 /* Pods_FIrebase_Chat.framework in Frameworks */ = {isa = PBXBuildFile; fileRef = C42194170A5437CABB9B8EC1 /* Pods_FIrebase_Chat.framework */; };
		F86AA6052151B75000068AAD /* ChatroomTableViewController.swift in Sources */ = {isa = PBXBuildFile; fileRef = F86AA6042151B75000068AAD /* ChatroomTableViewController.swift */; };
		F88102662151B1DF006BE1C0 /* AppDelegate.swift in Sources */ = {isa = PBXBuildFile; fileRef = F88102652151B1DF006BE1C0 /* AppDelegate.swift */; };
		F88102682151B1DF006BE1C0 /* ViewController.swift in Sources */ = {isa = PBXBuildFile; fileRef = F88102672151B1DF006BE1C0 /* ViewController.swift */; };
		F881026B2151B1DF006BE1C0 /* Main.storyboard in Resources */ = {isa = PBXBuildFile; fileRef = F88102692151B1DF006BE1C0 /* Main.storyboard */; };
		F881026D2151B1DF006BE1C0 /* Assets.xcassets in Resources */ = {isa = PBXBuildFile; fileRef = F881026C2151B1DF006BE1C0 /* Assets.xcassets */; };
		F88102702151B1DF006BE1C0 /* LaunchScreen.storyboard in Resources */ = {isa = PBXBuildFile; fileRef = F881026E2151B1DF006BE1C0 /* LaunchScreen.storyboard */; };
		F88102782151B397006BE1C0 /* GoogleService-Info.plist in Resources */ = {isa = PBXBuildFile; fileRef = F88102772151B397006BE1C0 /* GoogleService-Info.plist */; };
/* End PBXBuildFile section */

/* Begin PBXFileReference section */
		8039DAA6E0C46027ED74DA05 /* Pods-FIrebase Chat.debug.xcconfig */ = {isa = PBXFileReference; includeInIndex = 1; lastKnownFileType = text.xcconfig; name = "Pods-FIrebase Chat.debug.xcconfig"; path = "Pods/Target Support Files/Pods-FIrebase Chat/Pods-FIrebase Chat.debug.xcconfig"; sourceTree = "<group>"; };
		C42194170A5437CABB9B8EC1 /* Pods_FIrebase_Chat.framework */ = {isa = PBXFileReference; explicitFileType = wrapper.framework; includeInIndex = 0; path = Pods_FIrebase_Chat.framework; sourceTree = BUILT_PRODUCTS_DIR; };
		C5BF32FDB4A2BF197AF9AA95 /* Pods-FIrebase Chat.release.xcconfig */ = {isa = PBXFileReference; includeInIndex = 1; lastKnownFileType = text.xcconfig; name = "Pods-FIrebase Chat.release.xcconfig"; path = "Pods/Target Support Files/Pods-FIrebase Chat/Pods-FIrebase Chat.release.xcconfig"; sourceTree = "<group>"; };
		F86AA6042151B75000068AAD /* ChatroomTableViewController.swift */ = {isa = PBXFileReference; lastKnownFileType = sourcecode.swift; path = ChatroomTableViewController.swift; sourceTree = "<group>"; };
		F88102622151B1DF006BE1C0 /* FIrebase Chat.app */ = {isa = PBXFileReference; explicitFileType = wrapper.application; includeInIndex = 0; path = "FIrebase Chat.app"; sourceTree = BUILT_PRODUCTS_DIR; };
		F88102652151B1DF006BE1C0 /* AppDelegate.swift */ = {isa = PBXFileReference; lastKnownFileType = sourcecode.swift; path = AppDelegate.swift; sourceTree = "<group>"; };
		F88102672151B1DF006BE1C0 /* ViewController.swift */ = {isa = PBXFileReference; lastKnownFileType = sourcecode.swift; path = ViewController.swift; sourceTree = "<group>"; };
		F881026A2151B1DF006BE1C0 /* Base */ = {isa = PBXFileReference; lastKnownFileType = file.storyboard; name = Base; path = Base.lproj/Main.storyboard; sourceTree = "<group>"; };
		F881026C2151B1DF006BE1C0 /* Assets.xcassets */ = {isa = PBXFileReference; lastKnownFileType = folder.assetcatalog; path = Assets.xcassets; sourceTree = "<group>"; };
		F881026F2151B1DF006BE1C0 /* Base */ = {isa = PBXFileReference; lastKnownFileType = file.storyboard; name = Base; path = Base.lproj/LaunchScreen.storyboard; sourceTree = "<group>"; };
		F88102712151B1DF006BE1C0 /* Info.plist */ = {isa = PBXFileReference; lastKnownFileType = text.plist.xml; path = Info.plist; sourceTree = "<group>"; };
		F88102772151B397006BE1C0 /* GoogleService-Info.plist */ = {isa = PBXFileReference; fileEncoding = 4; lastKnownFileType = text.plist.xml; name = "GoogleService-Info.plist"; path = "../../../../../Downloads/GoogleService-Info.plist"; sourceTree = "<group>"; };
/* End PBXFileReference section */

/* Begin PBXFrameworksBuildPhase section */
		F881025F2151B1DF006BE1C0 /* Frameworks */ = {
			isa = PBXFrameworksBuildPhase;
			buildActionMask = 2147483647;
			files = (
				F566B963DA8375065C6B9D03 /* Pods_FIrebase_Chat.framework in Frameworks */,
			);
			runOnlyForDeploymentPostprocessing = 0;
		};
/* End PBXFrameworksBuildPhase section */

/* Begin PBXGroup section */
		E04BC9D816CE3D13D76B77FB /* Pods */ = {
			isa = PBXGroup;
			children = (
				8039DAA6E0C46027ED74DA05 /* Pods-FIrebase Chat.debug.xcconfig */,
				C5BF32FDB4A2BF197AF9AA95 /* Pods-FIrebase Chat.release.xcconfig */,
			);
			name = Pods;
			sourceTree = "<group>";
		};
		E9028EDC8B1CB0B409E55828 /* Frameworks */ = {
			isa = PBXGroup;
			children = (
				C42194170A5437CABB9B8EC1 /* Pods_FIrebase_Chat.framework */,
			);
			name = Frameworks;
			sourceTree = "<group>";
		};
		F86AA6032151B71400068AAD /* ViewControllers */ = {
			isa = PBXGroup;
			children = (
				F88102672151B1DF006BE1C0 /* ViewController.swift */,
				F86AA6042151B75000068AAD /* ChatroomTableViewController.swift */,
			);
			path = ViewControllers;
			sourceTree = "<group>";
		};
		F88102592151B1DF006BE1C0 = {
			isa = PBXGroup;
			children = (
				F88102642151B1DF006BE1C0 /* FIrebase Chat */,
				F88102632151B1DF006BE1C0 /* Products */,
				E04BC9D816CE3D13D76B77FB /* Pods */,
				E9028EDC8B1CB0B409E55828 /* Frameworks */,
			);
			sourceTree = "<group>";
		};
		F88102632151B1DF006BE1C0 /* Products */ = {
			isa = PBXGroup;
			children = (
				F88102622151B1DF006BE1C0 /* FIrebase Chat.app */,
			);
			name = Products;
			sourceTree = "<group>";
		};
		F88102642151B1DF006BE1C0 /* FIrebase Chat */ = {
			isa = PBXGroup;
			children = (
				F88102652151B1DF006BE1C0 /* AppDelegate.swift */,
				F86AA6032151B71400068AAD /* ViewControllers */,
				F88102692151B1DF006BE1C0 /* Main.storyboard */,
				F881026C2151B1DF006BE1C0 /* Assets.xcassets */,
				F881026E2151B1DF006BE1C0 /* LaunchScreen.storyboard */,
				F88102712151B1DF006BE1C0 /* Info.plist */,
				F88102772151B397006BE1C0 /* GoogleService-Info.plist */,
			);
			path = "FIrebase Chat";
			sourceTree = "<group>";
		};
/* End PBXGroup section */

/* Begin PBXNativeTarget section */
		F88102612151B1DF006BE1C0 /* FIrebase Chat */ = {
			isa = PBXNativeTarget;
			buildConfigurationList = F88102742151B1DF006BE1C0 /* Build configuration list for PBXNativeTarget "FIrebase Chat" */;
			buildPhases = (
				6EBE22E76BC00E09011AE2FA /* [CP] Check Pods Manifest.lock */,
				F881025E2151B1DF006BE1C0 /* Sources */,
				F881025F2151B1DF006BE1C0 /* Frameworks */,
				F88102602151B1DF006BE1C0 /* Resources */,
				1E66D015BB7EA9D3A0582284 /* [CP] Embed Pods Frameworks */,
			);
			buildRules = (
			);
			dependencies = (
			);
			name = "FIrebase Chat";
			productName = "FIrebase Chat";
			productReference = F88102622151B1DF006BE1C0 /* FIrebase Chat.app */;
			productType = "com.apple.product-type.application";
		};
/* End PBXNativeTarget section */

/* Begin PBXProject section */
		F881025A2151B1DF006BE1C0 /* Project object */ = {
			isa = PBXProject;
			attributes = {
				LastSwiftUpdateCheck = 0940;
				LastUpgradeCheck = 0940;
				ORGANIZATIONNAME = "Jonathan T. Miles";
				TargetAttributes = {
					F88102612151B1DF006BE1C0 = {
						CreatedOnToolsVersion = 9.4.1;
					};
				};
			};
			buildConfigurationList = F881025D2151B1DF006BE1C0 /* Build configuration list for PBXProject "FIrebase Chat" */;
			compatibilityVersion = "Xcode 9.3";
			developmentRegion = en;
			hasScannedForEncodings = 0;
			knownRegions = (
				en,
				Base,
			);
			mainGroup = F88102592151B1DF006BE1C0;
			productRefGroup = F88102632151B1DF006BE1C0 /* Products */;
			projectDirPath = "";
			projectRoot = "";
			targets = (
				F88102612151B1DF006BE1C0 /* FIrebase Chat */,
			);
		};
/* End PBXProject section */

/* Begin PBXResourcesBuildPhase section */
		F88102602151B1DF006BE1C0 /* Resources */ = {
			isa = PBXResourcesBuildPhase;
			buildActionMask = 2147483647;
			files = (
				F88102702151B1DF006BE1C0 /* LaunchScreen.storyboard in Resources */,
				F88102782151B397006BE1C0 /* GoogleService-Info.plist in Resources */,
				F881026D2151B1DF006BE1C0 /* Assets.xcassets in Resources */,
				F881026B2151B1DF006BE1C0 /* Main.storyboard in Resources */,
			);
			runOnlyForDeploymentPostprocessing = 0;
		};
/* End PBXResourcesBuildPhase section */

/* Begin PBXShellScriptBuildPhase section */
		1E66D015BB7EA9D3A0582284 /* [CP] Embed Pods Frameworks */ = {
			isa = PBXShellScriptBuildPhase;
			buildActionMask = 2147483647;
			files = (
			);
			inputPaths = (
				"${SRCROOT}/Pods/Target Support Files/Pods-FIrebase Chat/Pods-FIrebase Chat-frameworks.sh",
				"${BUILT_PRODUCTS_DIR}/GoogleUtilities/GoogleUtilities.framework",
				"${BUILT_PRODUCTS_DIR}/MessageKit/MessageKit.framework",
				"${BUILT_PRODUCTS_DIR}/leveldb-library/leveldb.framework",
				"${BUILT_PRODUCTS_DIR}/nanopb/nanopb.framework",
			);
			name = "[CP] Embed Pods Frameworks";
			outputPaths = (
				"${TARGET_BUILD_DIR}/${FRAMEWORKS_FOLDER_PATH}/GoogleUtilities.framework",
				"${TARGET_BUILD_DIR}/${FRAMEWORKS_FOLDER_PATH}/MessageKit.framework",
				"${TARGET_BUILD_DIR}/${FRAMEWORKS_FOLDER_PATH}/leveldb.framework",
				"${TARGET_BUILD_DIR}/${FRAMEWORKS_FOLDER_PATH}/nanopb.framework",
			);
			runOnlyForDeploymentPostprocessing = 0;
			shellPath = /bin/sh;
			shellScript = "\"${SRCROOT}/Pods/Target Support Files/Pods-FIrebase Chat/Pods-FIrebase Chat-frameworks.sh\"\n";
			showEnvVarsInLog = 0;
		};
		6EBE22E76BC00E09011AE2FA /* [CP] Check Pods Manifest.lock */ = {
			isa = PBXShellScriptBuildPhase;
			buildActionMask = 2147483647;
			files = (
			);
			inputPaths = (
				"${PODS_PODFILE_DIR_PATH}/Podfile.lock",
				"${PODS_ROOT}/Manifest.lock",
			);
			name = "[CP] Check Pods Manifest.lock";
			outputPaths = (
				"$(DERIVED_FILE_DIR)/Pods-FIrebase Chat-checkManifestLockResult.txt",
			);
			runOnlyForDeploymentPostprocessing = 0;
			shellPath = /bin/sh;
			shellScript = "diff \"${PODS_PODFILE_DIR_PATH}/Podfile.lock\" \"${PODS_ROOT}/Manifest.lock\" > /dev/null\nif [ $? != 0 ] ; then\n    # print error to STDERR\n    echo \"error: The sandbox is not in sync with the Podfile.lock. Run 'pod install' or update your CocoaPods installation.\" >&2\n    exit 1\nfi\n# This output is used by Xcode 'outputs' to avoid re-running this script phase.\necho \"SUCCESS\" > \"${SCRIPT_OUTPUT_FILE_0}\"\n";
			showEnvVarsInLog = 0;
		};
/* End PBXShellScriptBuildPhase section */

/* Begin PBXSourcesBuildPhase section */
		F881025E2151B1DF006BE1C0 /* Sources */ = {
			isa = PBXSourcesBuildPhase;
			buildActionMask = 2147483647;
			files = (
				F88102682151B1DF006BE1C0 /* ViewController.swift in Sources */,
				F88102662151B1DF006BE1C0 /* AppDelegate.swift in Sources */,
				F86AA6052151B75000068AAD /* ChatroomTableViewController.swift in Sources */,
			);
			runOnlyForDeploymentPostprocessing = 0;
		};
/* End PBXSourcesBuildPhase section */

/* Begin PBXVariantGroup section */
		F88102692151B1DF006BE1C0 /* Main.storyboard */ = {
			isa = PBXVariantGroup;
			children = (
				F881026A2151B1DF006BE1C0 /* Base */,
			);
			name = Main.storyboard;
			sourceTree = "<group>";
		};
		F881026E2151B1DF006BE1C0 /* LaunchScreen.storyboard */ = {
			isa = PBXVariantGroup;
			children = (
				F881026F2151B1DF006BE1C0 /* Base */,
			);
			name = LaunchScreen.storyboard;
			sourceTree = "<group>";
		};
/* End PBXVariantGroup section */

/* Begin XCBuildConfiguration section */
		F88102722151B1DF006BE1C0 /* Debug */ = {
			isa = XCBuildConfiguration;
			buildSettings = {
				ALWAYS_SEARCH_USER_PATHS = NO;
				CLANG_ANALYZER_NONNULL = YES;
				CLANG_ANALYZER_NUMBER_OBJECT_CONVERSION = YES_AGGRESSIVE;
				CLANG_CXX_LANGUAGE_STANDARD = "gnu++14";
				CLANG_CXX_LIBRARY = "libc++";
				CLANG_ENABLE_MODULES = YES;
				CLANG_ENABLE_OBJC_ARC = YES;
				CLANG_ENABLE_OBJC_WEAK = YES;
				CLANG_WARN_BLOCK_CAPTURE_AUTORELEASING = YES;
				CLANG_WARN_BOOL_CONVERSION = YES;
				CLANG_WARN_COMMA = YES;
				CLANG_WARN_CONSTANT_CONVERSION = YES;
				CLANG_WARN_DEPRECATED_OBJC_IMPLEMENTATIONS = YES;
				CLANG_WARN_DIRECT_OBJC_ISA_USAGE = YES_ERROR;
				CLANG_WARN_DOCUMENTATION_COMMENTS = YES;
				CLANG_WARN_EMPTY_BODY = YES;
				CLANG_WARN_ENUM_CONVERSION = YES;
				CLANG_WARN_INFINITE_RECURSION = YES;
				CLANG_WARN_INT_CONVERSION = YES;
				CLANG_WARN_NON_LITERAL_NULL_CONVERSION = YES;
				CLANG_WARN_OBJC_IMPLICIT_RETAIN_SELF = YES;
				CLANG_WARN_OBJC_LITERAL_CONVERSION = YES;
				CLANG_WARN_OBJC_ROOT_CLASS = YES_ERROR;
				CLANG_WARN_RANGE_LOOP_ANALYSIS = YES;
				CLANG_WARN_STRICT_PROTOTYPES = YES;
				CLANG_WARN_SUSPICIOUS_MOVE = YES;
				CLANG_WARN_UNGUARDED_AVAILABILITY = YES_AGGRESSIVE;
				CLANG_WARN_UNREACHABLE_CODE = YES;
				CLANG_WARN__DUPLICATE_METHOD_MATCH = YES;
				CODE_SIGN_IDENTITY = "iPhone Developer";
				COPY_PHASE_STRIP = NO;
				DEBUG_INFORMATION_FORMAT = dwarf;
				ENABLE_STRICT_OBJC_MSGSEND = YES;
				ENABLE_TESTABILITY = YES;
				GCC_C_LANGUAGE_STANDARD = gnu11;
				GCC_DYNAMIC_NO_PIC = NO;
				GCC_NO_COMMON_BLOCKS = YES;
				GCC_OPTIMIZATION_LEVEL = 0;
				GCC_PREPROCESSOR_DEFINITIONS = (
					"DEBUG=1",
					"$(inherited)",
				);
				GCC_WARN_64_TO_32_BIT_CONVERSION = YES;
				GCC_WARN_ABOUT_RETURN_TYPE = YES_ERROR;
				GCC_WARN_UNDECLARED_SELECTOR = YES;
				GCC_WARN_UNINITIALIZED_AUTOS = YES_AGGRESSIVE;
				GCC_WARN_UNUSED_FUNCTION = YES;
				GCC_WARN_UNUSED_VARIABLE = YES;
				IPHONEOS_DEPLOYMENT_TARGET = 11.4;
				MTL_ENABLE_DEBUG_INFO = YES;
				ONLY_ACTIVE_ARCH = YES;
				SDKROOT = iphoneos;
				SWIFT_ACTIVE_COMPILATION_CONDITIONS = DEBUG;
				SWIFT_OPTIMIZATION_LEVEL = "-Onone";
			};
			name = Debug;
		};
		F88102732151B1DF006BE1C0 /* Release */ = {
			isa = XCBuildConfiguration;
			buildSettings = {
				ALWAYS_SEARCH_USER_PATHS = NO;
				CLANG_ANALYZER_NONNULL = YES;
				CLANG_ANALYZER_NUMBER_OBJECT_CONVERSION = YES_AGGRESSIVE;
				CLANG_CXX_LANGUAGE_STANDARD = "gnu++14";
				CLANG_CXX_LIBRARY = "libc++";
				CLANG_ENABLE_MODULES = YES;
				CLANG_ENABLE_OBJC_ARC = YES;
				CLANG_ENABLE_OBJC_WEAK = YES;
				CLANG_WARN_BLOCK_CAPTURE_AUTORELEASING = YES;
				CLANG_WARN_BOOL_CONVERSION = YES;
				CLANG_WARN_COMMA = YES;
				CLANG_WARN_CONSTANT_CONVERSION = YES;
				CLANG_WARN_DEPRECATED_OBJC_IMPLEMENTATIONS = YES;
				CLANG_WARN_DIRECT_OBJC_ISA_USAGE = YES_ERROR;
				CLANG_WARN_DOCUMENTATION_COMMENTS = YES;
				CLANG_WARN_EMPTY_BODY = YES;
				CLANG_WARN_ENUM_CONVERSION = YES;
				CLANG_WARN_INFINITE_RECURSION = YES;
				CLANG_WARN_INT_CONVERSION = YES;
				CLANG_WARN_NON_LITERAL_NULL_CONVERSION = YES;
				CLANG_WARN_OBJC_IMPLICIT_RETAIN_SELF = YES;
				CLANG_WARN_OBJC_LITERAL_CONVERSION = YES;
				CLANG_WARN_OBJC_ROOT_CLASS = YES_ERROR;
				CLANG_WARN_RANGE_LOOP_ANALYSIS = YES;
				CLANG_WARN_STRICT_PROTOTYPES = YES;
				CLANG_WARN_SUSPICIOUS_MOVE = YES;
				CLANG_WARN_UNGUARDED_AVAILABILITY = YES_AGGRESSIVE;
				CLANG_WARN_UNREACHABLE_CODE = YES;
				CLANG_WARN__DUPLICATE_METHOD_MATCH = YES;
				CODE_SIGN_IDENTITY = "iPhone Developer";
				COPY_PHASE_STRIP = NO;
				DEBUG_INFORMATION_FORMAT = "dwarf-with-dsym";
				ENABLE_NS_ASSERTIONS = NO;
				ENABLE_STRICT_OBJC_MSGSEND = YES;
				GCC_C_LANGUAGE_STANDARD = gnu11;
				GCC_NO_COMMON_BLOCKS = YES;
				GCC_WARN_64_TO_32_BIT_CONVERSION = YES;
				GCC_WARN_ABOUT_RETURN_TYPE = YES_ERROR;
				GCC_WARN_UNDECLARED_SELECTOR = YES;
				GCC_WARN_UNINITIALIZED_AUTOS = YES_AGGRESSIVE;
				GCC_WARN_UNUSED_FUNCTION = YES;
				GCC_WARN_UNUSED_VARIABLE = YES;
				IPHONEOS_DEPLOYMENT_TARGET = 11.4;
				MTL_ENABLE_DEBUG_INFO = NO;
				SDKROOT = iphoneos;
				SWIFT_COMPILATION_MODE = wholemodule;
				SWIFT_OPTIMIZATION_LEVEL = "-O";
				VALIDATE_PRODUCT = YES;
			};
			name = Release;
		};
		F88102752151B1DF006BE1C0 /* Debug */ = {
			isa = XCBuildConfiguration;
			baseConfigurationReference = 8039DAA6E0C46027ED74DA05 /* Pods-FIrebase Chat.debug.xcconfig */;
			buildSettings = {
				ASSETCATALOG_COMPILER_APPICON_NAME = AppIcon;
				CODE_SIGN_STYLE = Automatic;
				DEVELOPMENT_TEAM = 8J9VUCBX92;
				INFOPLIST_FILE = "FIrebase Chat/Info.plist";
				LD_RUNPATH_SEARCH_PATHS = (
					"$(inherited)",
					"@executable_path/Frameworks",
				);
				PRODUCT_BUNDLE_IDENTIFIER = "com.jonathantmiles.FIrebase-Chat";
				PRODUCT_NAME = "$(TARGET_NAME)";
				SWIFT_VERSION = 4.0;
				TARGETED_DEVICE_FAMILY = "1,2";
			};
			name = Debug;
		};
		F88102762151B1DF006BE1C0 /* Release */ = {
			isa = XCBuildConfiguration;
			baseConfigurationReference = C5BF32FDB4A2BF197AF9AA95 /* Pods-FIrebase Chat.release.xcconfig */;
			buildSettings = {
				ASSETCATALOG_COMPILER_APPICON_NAME = AppIcon;
				CODE_SIGN_STYLE = Automatic;
				DEVELOPMENT_TEAM = 8J9VUCBX92;
				INFOPLIST_FILE = "FIrebase Chat/Info.plist";
				LD_RUNPATH_SEARCH_PATHS = (
					"$(inherited)",
					"@executable_path/Frameworks",
				);
				PRODUCT_BUNDLE_IDENTIFIER = "com.jonathantmiles.FIrebase-Chat";
				PRODUCT_NAME = "$(TARGET_NAME)";
				SWIFT_VERSION = 4.0;
				TARGETED_DEVICE_FAMILY = "1,2";
			};
			name = Release;
		};
/* End XCBuildConfiguration section */

/* Begin XCConfigurationList section */
		F881025D2151B1DF006BE1C0 /* Build configuration list for PBXProject "FIrebase Chat" */ = {
			isa = XCConfigurationList;
			buildConfigurations = (
				F88102722151B1DF006BE1C0 /* Debug */,
				F88102732151B1DF006BE1C0 /* Release */,
			);
			defaultConfigurationIsVisible = 0;
			defaultConfigurationName = Release;
		};
		F88102742151B1DF006BE1C0 /* Build configuration list for PBXNativeTarget "FIrebase Chat" */ = {
			isa = XCConfigurationList;
			buildConfigurations = (
				F88102752151B1DF006BE1C0 /* Debug */,
				F88102762151B1DF006BE1C0 /* Release */,
			);
			defaultConfigurationIsVisible = 0;
			defaultConfigurationName = Release;
		};
/* End XCConfigurationList section */
	};
	rootObject = F881025A2151B1DF006BE1C0 /* Project object */;
}
